
Microsoft Visual Studio Solution File, Format Version 12.00
# Visual Studio Version 16
VisualStudioVersion = 16.0.32002.261
MinimumVisualStudioVersion = 10.0.40219.1
Project("{9A19103F-16F7-4668-BE54-9A1E7A4F7556}") = "LeetcodeProject", "LeetcodeProject\LeetcodeProject.csproj", "{12C96750-0355-4A5D-B2C5-68BA9423BD46}"
EndProject
Project("{FAE04EC0-301F-11D3-BF4B-00C04F79EFBC}") = "DependencyInjectionExample", "DependencyInjectionExample\DependencyInjectionExample.csproj", "{4D7C7EEF-359A-4C21-B3A1-CEB198B74562}"
EndProject
Global
	GlobalSection(SolutionConfigurationPlatforms) = preSolution
		Debug|Any CPU = Debug|Any CPU
		Release|Any CPU = Release|Any CPU
	EndGlobalSection
	GlobalSection(ProjectConfigurationPlatforms) = postSolution
		{12C96750-0355-4A5D-B2C5-68BA9423BD46}.Debug|Any CPU.ActiveCfg = Debug|Any CPU
		{12C96750-0355-4A5D-B2C5-68BA9423BD46}.Debug|Any CPU.Build.0 = Debug|Any CPU
		{12C96750-0355-4A5D-B2C5-68BA9423BD46}.Release|Any CPU.ActiveCfg = Release|Any CPU
		{12C96750-0355-4A5D-B2C5-68BA9423BD46}.Release|Any CPU.Build.0 = Release|Any CPU
		{4D7C7EEF-359A-4C21-B3A1-CEB198B74562}.Debug|Any CPU.ActiveCfg = Debug|Any CPU
		{4D7C7EEF-359A-4C21-B3A1-CEB198B74562}.Debug|Any CPU.Build.0 = Debug|Any CPU
		{4D7C7EEF-359A-4C21-B3A1-CEB198B74562}.Release|Any CPU.ActiveCfg = Release|Any CPU
		{4D7C7EEF-359A-4C21-B3A1-CEB198B74562}.Release|Any CPU.Build.0 = Release|Any CPU
	EndGlobalSection
	GlobalSection(SolutionProperties) = preSolution
		HideSolutionNode = FALSE
	EndGlobalSection
	GlobalSection(ExtensibilityGlobals) = postSolution
		SolutionGuid = {0476EDC6-50DF-4AE0-9A40-72E3020A28AD}
	EndGlobalSection
EndGlobal
